
Microsoft Visual Studio Solution File, Format Version 12.00
# Visual Studio Version 16
VisualStudioVersion = 16.0.29009.5
MinimumVisualStudioVersion = 10.0.40219.1
Project("{FAE04EC0-301F-11D3-BF4B-00C04F79EFBC}") = "UltimateBlueScreenSimulator", "UltimateBlueScreenSimulator.csproj", "{EEF3D7F9-CA40-47BC-9CD1-7DB1780FD157}"
EndProject
Global
	GlobalSection(SolutionConfigurationPlatforms) = preSolution
		Debug|Any CPU = Debug|Any CPU
		Release|Any CPU = Release|Any CPU
	EndGlobalSection
	GlobalSection(ProjectConfigurationPlatforms) = postSolution
		{EEF3D7F9-CA40-47BC-9CD1-7DB1780FD157}.Debug|Any CPU.ActiveCfg = Debug|Any CPU
		{EEF3D7F9-CA40-47BC-9CD1-7DB1780FD157}.Debug|Any CPU.Build.0 = Debug|Any CPU
		{EEF3D7F9-CA40-47BC-9CD1-7DB1780FD157}.Release|Any CPU.ActiveCfg = Release|Any CPU
		{EEF3D7F9-CA40-47BC-9CD1-7DB1780FD157}.Release|Any CPU.Build.0 = Release|Any CPU
	EndGlobalSection
	GlobalSection(SolutionProperties) = preSolution
		HideSolutionNode = FALSE
	EndGlobalSection
	GlobalSection(ExtensibilityGlobals) = postSolution
		SolutionGuid = {7ECF1149-8E5A-4E53-BDEF-6AB5B5E6C698}
	EndGlobalSection
EndGlobal
